
Microsoft Visual Studio Solution File, Format Version 12.00
# Visual Studio 2013
VisualStudioVersion = 12.0.21005.1
MinimumVisualStudioVersion = 10.0.40219.1
Project("{FAE04EC0-301F-11D3-BF4B-00C04F79EFBC}") = "OnlineExamSystem", "OnlineExamSystem\OnlineExamSystem.csproj", "{E9842C4B-1741-464C-B99D-68E95FD15F9C}"
EndProject
Project("{FAE04EC0-301F-11D3-BF4B-00C04F79EFBC}") = "DatabaseContext", "DatabaseContext\DatabaseContext.csproj", "{EA1FCAF9-D5F8-42DD-A5D6-9FC9FA2D90CF}"
EndProject
Project("{FAE04EC0-301F-11D3-BF4B-00C04F79EFBC}") = "Bll", "Bll\Bll.csproj", "{8ABBF698-26ED-4214-BAA7-3CC6DF503BF5}"
EndProject
Project("{FAE04EC0-301F-11D3-BF4B-00C04F79EFBC}") = "Repository", "Repository\Repository.csproj", "{8C29D1AC-100E-451A-BE2A-C60DFEB169E3}"
EndProject
Project("{FAE04EC0-301F-11D3-BF4B-00C04F79EFBC}") = "Models", "Models\Models.csproj", "{139E7903-8BD1-48AF-9B01-59A4D41E6D31}"
EndProject
Global
	GlobalSection(SolutionConfigurationPlatforms) = preSolution
		Debug|Any CPU = Debug|Any CPU
		Release|Any CPU = Release|Any CPU
	EndGlobalSection
	GlobalSection(ProjectConfigurationPlatforms) = postSolution
		{E9842C4B-1741-464C-B99D-68E95FD15F9C}.Debug|Any CPU.ActiveCfg = Debug|Any CPU
		{E9842C4B-1741-464C-B99D-68E95FD15F9C}.Debug|Any CPU.Build.0 = Debug|Any CPU
		{E9842C4B-1741-464C-B99D-68E95FD15F9C}.Release|Any CPU.ActiveCfg = Release|Any CPU
		{E9842C4B-1741-464C-B99D-68E95FD15F9C}.Release|Any CPU.Build.0 = Release|Any CPU
		{EA1FCAF9-D5F8-42DD-A5D6-9FC9FA2D90CF}.Debug|Any CPU.ActiveCfg = Debug|Any CPU
		{EA1FCAF9-D5F8-42DD-A5D6-9FC9FA2D90CF}.Debug|Any CPU.Build.0 = Debug|Any CPU
		{EA1FCAF9-D5F8-42DD-A5D6-9FC9FA2D90CF}.Release|Any CPU.ActiveCfg = Release|Any CPU
		{EA1FCAF9-D5F8-42DD-A5D6-9FC9FA2D90CF}.Release|Any CPU.Build.0 = Release|Any CPU
		{8ABBF698-26ED-4214-BAA7-3CC6DF503BF5}.Debug|Any CPU.ActiveCfg = Debug|Any CPU
		{8ABBF698-26ED-4214-BAA7-3CC6DF503BF5}.Debug|Any CPU.Build.0 = Debug|Any CPU
		{8ABBF698-26ED-4214-BAA7-3CC6DF503BF5}.Release|Any CPU.ActiveCfg = Release|Any CPU
		{8ABBF698-26ED-4214-BAA7-3CC6DF503BF5}.Release|Any CPU.Build.0 = Release|Any CPU
		{8C29D1AC-100E-451A-BE2A-C60DFEB169E3}.Debug|Any CPU.ActiveCfg = Debug|Any CPU
		{8C29D1AC-100E-451A-BE2A-C60DFEB169E3}.Debug|Any CPU.Build.0 = Debug|Any CPU
		{8C29D1AC-100E-451A-BE2A-C60DFEB169E3}.Release|Any CPU.ActiveCfg = Release|Any CPU
		{8C29D1AC-100E-451A-BE2A-C60DFEB169E3}.Release|Any CPU.Build.0 = Release|Any CPU
		{139E7903-8BD1-48AF-9B01-59A4D41E6D31}.Debug|Any CPU.ActiveCfg = Debug|Any CPU
		{139E7903-8BD1-48AF-9B01-59A4D41E6D31}.Debug|Any CPU.Build.0 = Debug|Any CPU
		{139E7903-8BD1-48AF-9B01-59A4D41E6D31}.Release|Any CPU.ActiveCfg = Release|Any CPU
		{139E7903-8BD1-48AF-9B01-59A4D41E6D31}.Release|Any CPU.Build.0 = Release|Any CPU
	EndGlobalSection
	GlobalSection(SolutionProperties) = preSolution
		HideSolutionNode = FALSE
	EndGlobalSection
EndGlobal
